
Microsoft Visual Studio Solution File, Format Version 12.00
# Visual Studio Version 16
VisualStudioVersion = 16.0.31613.86
MinimumVisualStudioVersion = 10.0.40219.1
Project("{FAE04EC0-301F-11D3-BF4B-00C04F79EFBC}") = "vendaQuitanda", "vendaQuitanda\vendaQuitanda.csproj", "{0739C55C-20C1-41CC-95DE-D8F3690C9720}"
EndProject
Global
	GlobalSection(SolutionConfigurationPlatforms) = preSolution
		Debug|Any CPU = Debug|Any CPU
		Release|Any CPU = Release|Any CPU
	EndGlobalSection
	GlobalSection(ProjectConfigurationPlatforms) = postSolution
		{0739C55C-20C1-41CC-95DE-D8F3690C9720}.Debug|Any CPU.ActiveCfg = Debug|Any CPU
		{0739C55C-20C1-41CC-95DE-D8F3690C9720}.Debug|Any CPU.Build.0 = Debug|Any CPU
		{0739C55C-20C1-41CC-95DE-D8F3690C9720}.Release|Any CPU.ActiveCfg = Release|Any CPU
		{0739C55C-20C1-41CC-95DE-D8F3690C9720}.Release|Any CPU.Build.0 = Release|Any CPU
	EndGlobalSection
	GlobalSection(SolutionProperties) = preSolution
		HideSolutionNode = FALSE
	EndGlobalSection
	GlobalSection(ExtensibilityGlobals) = postSolution
		SolutionGuid = {46B1D856-A8EF-4F7F-9E43-A63369308D01}
	EndGlobalSection
EndGlobal
